
Microsoft Visual Studio Solution File, Format Version 12.00
# Visual Studio Version 17
VisualStudioVersion = 17.5.33414.496
MinimumVisualStudioVersion = 10.0.40219.1
Project("{FAE04EC0-301F-11D3-BF4B-00C04F79EFBC}") = "Dependency Injection Lifetime Patterns", "Dependency Injection Lifetime Patterns.csproj", "{52B4E22D-84E2-4E46-A9FB-23016E03E205}"
EndProject
Global
	GlobalSection(SolutionConfigurationPlatforms) = preSolution
		Debug|Any CPU = Debug|Any CPU
		Release|Any CPU = Release|Any CPU
	EndGlobalSection
	GlobalSection(ProjectConfigurationPlatforms) = postSolution
		{52B4E22D-84E2-4E46-A9FB-23016E03E205}.Debug|Any CPU.ActiveCfg = Debug|Any CPU
		{52B4E22D-84E2-4E46-A9FB-23016E03E205}.Debug|Any CPU.Build.0 = Debug|Any CPU
		{52B4E22D-84E2-4E46-A9FB-23016E03E205}.Release|Any CPU.ActiveCfg = Release|Any CPU
		{52B4E22D-84E2-4E46-A9FB-23016E03E205}.Release|Any CPU.Build.0 = Release|Any CPU
	EndGlobalSection
	GlobalSection(SolutionProperties) = preSolution
		HideSolutionNode = FALSE
	EndGlobalSection
	GlobalSection(ExtensibilityGlobals) = postSolution
		SolutionGuid = {1248B087-AEAD-4D51-B097-FD2CE9328F4E}
	EndGlobalSection
EndGlobal
